Microsoft Visual Studio Solution File, Format Version 12.00
# Visual Studio Version 16
VisualStudioVersion = 16.0.28917.181
MinimumVisualStudioVersion = 10.0.40219.1
Project("{FAE04EC0-301F-11D3-BF4B-00C04F79EFBC}") = "CRUDApp", "CRUDApp\CRUDApp.csproj", "{C9EA6759-122C-4A0E-BA0C-43BCAD3D1149}"
EndProject
Project("{2150E333-8FDC-42A3-9474-1A3956D46DE8}") = "Data", "Data", "{AC2E817F-6F60-4D04-9F10-1EE65AEE0D26}"
EndProject
Project("{2150E333-8FDC-42A3-9474-1A3956D46DE8}") = "Target", "Target", "{595A1963-03CC-4B7C-B818-CBA968FD2381}"
EndProject
Project("{2150E333-8FDC-42A3-9474-1A3956D46DE8}") = "Authentication", "Authentication", "{B5AD66D8-1163-41E2-B8AD-C4BDFB90D095}"
EndProject
Project("{9A19103F-16F7-4668-BE54-9A1E7A4F7556}") = "CRUDApp.Authentication", "CRUDApp.Authentication\CRUDApp.Authentication.csproj", "{C11A44AD-2907-494A-9A41-B3729DE884DC}"
EndProject
Project("{9A19103F-16F7-4668-BE54-9A1E7A4F7556}") = "CRUDApp.Data", "CRUDApp.Data\CRUDApp.Data.csproj", "{660EAB73-0024-43B9-BC8F-DA6C78E6B28D}"
EndProject
Project("{9A19103F-16F7-4668-BE54-9A1E7A4F7556}") = "CRUDApp.Helpers", "CRUDApp.Helpers\CRUDApp.Helpers.csproj", "{56B88E6A-FC83-44A7-B933-AF4CDCCA5721}"
EndProject
Project("{FAE04EC0-301F-11D3-BF4B-00C04F79EFBC}") = "CRUDAppDroid", "CRUDAppDroid\CRUDAppDroid.csproj", "{F713B1D1-C246-4ACC-8871-4E426E140666}"
EndProject
Global
	GlobalSection(SolutionConfigurationPlatforms) = preSolution
		Debug|Any CPU = Debug|Any CPU
		Debug|iPhone = Debug|iPhone
		Debug|iPhoneSimulator = Debug|iPhoneSimulator
		Release|Any CPU = Release|Any CPU
		Release|iPhone = Release|iPhone
		Release|iPhoneSimulator = Release|iPhoneSimulator
	EndGlobalSection
	GlobalSection(ProjectConfigurationPlatforms) = postSolution
		{C9EA6759-122C-4A0E-BA0C-43BCAD3D1149}.Debug|Any CPU.ActiveCfg = Debug|iPhoneSimulator
		{C9EA6759-122C-4A0E-BA0C-43BCAD3D1149}.Debug|iPhone.ActiveCfg = Debug|iPhone
		{C9EA6759-122C-4A0E-BA0C-43BCAD3D1149}.Debug|iPhone.Build.0 = Debug|iPhone
		{C9EA6759-122C-4A0E-BA0C-43BCAD3D1149}.Debug|iPhoneSimulator.ActiveCfg = Debug|iPhoneSimulator
		{C9EA6759-122C-4A0E-BA0C-43BCAD3D1149}.Debug|iPhoneSimulator.Build.0 = Debug|iPhoneSimulator
		{C9EA6759-122C-4A0E-BA0C-43BCAD3D1149}.Release|Any CPU.ActiveCfg = Release|iPhoneSimulator
		{C9EA6759-122C-4A0E-BA0C-43BCAD3D1149}.Release|iPhone.ActiveCfg = Release|iPhone
		{C9EA6759-122C-4A0E-BA0C-43BCAD3D1149}.Release|iPhone.Build.0 = Release|iPhone
		{C9EA6759-122C-4A0E-BA0C-43BCAD3D1149}.Release|iPhoneSimulator.ActiveCfg = Release|iPhoneSimulator
		{C9EA6759-122C-4A0E-BA0C-43BCAD3D1149}.Release|iPhoneSimulator.Build.0 = Release|iPhoneSimulator
		{C11A44AD-2907-494A-9A41-B3729DE884DC}.Debug|Any CPU.ActiveCfg = Debug|Any CPU
		{C11A44AD-2907-494A-9A41-B3729DE884DC}.Debug|Any CPU.Build.0 = Debug|Any CPU
		{C11A44AD-2907-494A-9A41-B3729DE884DC}.Debug|iPhone.ActiveCfg = Debug|Any CPU
		{C11A44AD-2907-494A-9A41-B3729DE884DC}.Debug|iPhone.Build.0 = Debug|Any CPU
		{C11A44AD-2907-494A-9A41-B3729DE884DC}.Debug|iPhoneSimulator.ActiveCfg = Debug|Any CPU
		{C11A44AD-2907-494A-9A41-B3729DE884DC}.Debug|iPhoneSimulator.Build.0 = Debug|Any CPU
		{C11A44AD-2907-494A-9A41-B3729DE884DC}.Release|Any CPU.ActiveCfg = Release|Any CPU
		{C11A44AD-2907-494A-9A41-B3729DE884DC}.Release|Any CPU.Build.0 = Release|Any CPU
		{C11A44AD-2907-494A-9A41-B3729DE884DC}.Release|iPhone.ActiveCfg = Release|Any CPU
		{C11A44AD-2907-494A-9A41-B3729DE884DC}.Release|iPhone.Build.0 = Release|Any CPU
		{C11A44AD-2907-494A-9A41-B3729DE884DC}.Release|iPhoneSimulator.ActiveCfg = Release|Any CPU
		{C11A44AD-2907-494A-9A41-B3729DE884DC}.Release|iPhoneSimulator.Build.0 = Release|Any CPU
		{660EAB73-0024-43B9-BC8F-DA6C78E6B28D}.Debug|Any CPU.ActiveCfg = Debug|Any CPU
		{660EAB73-0024-43B9-BC8F-DA6C78E6B28D}.Debug|Any CPU.Build.0 = Debug|Any CPU
		{660EAB73-0024-43B9-BC8F-DA6C78E6B28D}.Debug|iPhone.ActiveCfg = Debug|Any CPU
		{660EAB73-0024-43B9-BC8F-DA6C78E6B28D}.Debug|iPhone.Build.0 = Debug|Any CPU
		{660EAB73-0024-43B9-BC8F-DA6C78E6B28D}.Debug|iPhoneSimulator.ActiveCfg = Debug|Any CPU
		{660EAB73-0024-43B9-BC8F-DA6C78E6B28D}.Debug|iPhoneSimulator.Build.0 = Debug|Any CPU
		{660EAB73-0024-43B9-BC8F-DA6C78E6B28D}.Release|Any CPU.ActiveCfg = Release|Any CPU
		{660EAB73-0024-43B9-BC8F-DA6C78E6B28D}.Release|Any CPU.Build.0 = Release|Any CPU
		{660EAB73-0024-43B9-BC8F-DA6C78E6B28D}.Release|iPhone.ActiveCfg = Release|Any CPU
		{660EAB73-0024-43B9-BC8F-DA6C78E6B28D}.Release|iPhone.Build.0 = Release|Any CPU
		{660EAB73-0024-43B9-BC8F-DA6C78E6B28D}.Release|iPhoneSimulator.ActiveCfg = Release|Any CPU
		{660EAB73-0024-43B9-BC8F-DA6C78E6B28D}.Release|iPhoneSimulator.Build.0 = Release|Any CPU
		{56B88E6A-FC83-44A7-B933-AF4CDCCA5721}.Debug|Any CPU.ActiveCfg = Debug|Any CPU
		{56B88E6A-FC83-44A7-B933-AF4CDCCA5721}.Debug|Any CPU.Build.0 = Debug|Any CPU
		{56B88E6A-FC83-44A7-B933-AF4CDCCA5721}.Debug|iPhone.ActiveCfg = Debug|Any CPU
		{56B88E6A-FC83-44A7-B933-AF4CDCCA5721}.Debug|iPhone.Build.0 = Debug|Any CPU
		{56B88E6A-FC83-44A7-B933-AF4CDCCA5721}.Debug|iPhoneSimulator.ActiveCfg = Debug|Any CPU
		{56B88E6A-FC83-44A7-B933-AF4CDCCA5721}.Debug|iPhoneSimulator.Build.0 = Debug|Any CPU
		{56B88E6A-FC83-44A7-B933-AF4CDCCA5721}.Release|Any CPU.ActiveCfg = Release|Any CPU
		{56B88E6A-FC83-44A7-B933-AF4CDCCA5721}.Release|Any CPU.Build.0 = Release|Any CPU
		{56B88E6A-FC83-44A7-B933-AF4CDCCA5721}.Release|iPhone.ActiveCfg = Release|Any CPU
		{56B88E6A-FC83-44A7-B933-AF4CDCCA5721}.Release|iPhone.Build.0 = Release|Any CPU
		{56B88E6A-FC83-44A7-B933-AF4CDCCA5721}.Release|iPhoneSimulator.ActiveCfg = Release|Any CPU
		{56B88E6A-FC83-44A7-B933-AF4CDCCA5721}.Release|iPhoneSimulator.Build.0 = Release|Any CPU
		{F713B1D1-C246-4ACC-8871-4E426E140666}.Debug|Any CPU.ActiveCfg = Debug|Any CPU
		{F713B1D1-C246-4ACC-8871-4E426E140666}.Debug|Any CPU.Build.0 = Debug|Any CPU
		{F713B1D1-C246-4ACC-8871-4E426E140666}.Debug|Any CPU.Deploy.0 = Debug|Any CPU
		{F713B1D1-C246-4ACC-8871-4E426E140666}.Debug|iPhone.ActiveCfg = Debug|Any CPU
		{F713B1D1-C246-4ACC-8871-4E426E140666}.Debug|iPhone.Build.0 = Debug|Any CPU
		{F713B1D1-C246-4ACC-8871-4E426E140666}.Debug|iPhone.Deploy.0 = Debug|Any CPU
		{F713B1D1-C246-4ACC-8871-4E426E140666}.Debug|iPhoneSimulator.ActiveCfg = Debug|Any CPU
		{F713B1D1-C246-4ACC-8871-4E426E140666}.Debug|iPhoneSimulator.Build.0 = Debug|Any CPU
		{F713B1D1-C246-4ACC-8871-4E426E140666}.Debug|iPhoneSimulator.Deploy.0 = Debug|Any CPU
		{F713B1D1-C246-4ACC-8871-4E426E140666}.Release|Any CPU.ActiveCfg = Release|Any CPU
		{F713B1D1-C246-4ACC-8871-4E426E140666}.Release|Any CPU.Build.0 = Release|Any CPU
		{F713B1D1-C246-4ACC-8871-4E426E140666}.Release|Any CPU.Deploy.0 = Release|Any CPU
		{F713B1D1-C246-4ACC-8871-4E426E140666}.Release|iPhone.ActiveCfg = Release|Any CPU
		{F713B1D1-C246-4ACC-8871-4E426E140666}.Release|iPhone.Build.0 = Release|Any CPU
		{F713B1D1-C246-4ACC-8871-4E426E140666}.Release|iPhone.Deploy.0 = Release|Any CPU
		{F713B1D1-C246-4ACC-8871-4E426E140666}.Release|iPhoneSimulator.ActiveCfg = Release|Any CPU
		{F713B1D1-C246-4ACC-8871-4E426E140666}.Release|iPhoneSimulator.Build.0 = Release|Any CPU
		{F713B1D1-C246-4ACC-8871-4E426E140666}.Release|iPhoneSimulator.Deploy.0 = Release|Any CPU
	EndGlobalSection
	GlobalSection(SolutionProperties) = preSolution
		HideSolutionNode = FALSE
	EndGlobalSection
	GlobalSection(NestedProjects) = preSolution
		{C9EA6759-122C-4A0E-BA0C-43BCAD3D1149} = {595A1963-03CC-4B7C-B818-CBA968FD2381}
		{C11A44AD-2907-494A-9A41-B3729DE884DC} = {B5AD66D8-1163-41E2-B8AD-C4BDFB90D095}
		{660EAB73-0024-43B9-BC8F-DA6C78E6B28D} = {AC2E817F-6F60-4D04-9F10-1EE65AEE0D26}
		{56B88E6A-FC83-44A7-B933-AF4CDCCA5721} = {AC2E817F-6F60-4D04-9F10-1EE65AEE0D26}
		{F713B1D1-C246-4ACC-8871-4E426E140666} = {595A1963-03CC-4B7C-B818-CBA968FD2381}
	EndGlobalSection
	GlobalSection(ExtensibilityGlobals) = postSolution
		SolutionGuid = {6D7AD8DD-3361-41B9-8196-EBD5EEEA6CFA}
	EndGlobalSection
EndGlobal
